
Microsoft Visual Studio Solution File, Format Version 12.00
# Visual Studio Version 17
VisualStudioVersion = 17.3.32901.215
MinimumVisualStudioVersion = 10.0.40219.1
Project("{FAE04EC0-301F-11D3-BF4B-00C04F79EFBC}") = "BackGroundPictureOnRTB", "BackGroundPictureOnRTB\BackGroundPictureOnRTB.csproj", "{4C28BF41-331B-4838-A37A-5A8D936CC2DF}"
EndProject
Global
	GlobalSection(SolutionConfigurationPlatforms) = preSolution
		Debug|Any CPU = Debug|Any CPU
		Release|Any CPU = Release|Any CPU
	EndGlobalSection
	GlobalSection(ProjectConfigurationPlatforms) = postSolution
		{4C28BF41-331B-4838-A37A-5A8D936CC2DF}.Debug|Any CPU.ActiveCfg = Debug|Any CPU
		{4C28BF41-331B-4838-A37A-5A8D936CC2DF}.Debug|Any CPU.Build.0 = Debug|Any CPU
		{4C28BF41-331B-4838-A37A-5A8D936CC2DF}.Release|Any CPU.ActiveCfg = Release|Any CPU
		{4C28BF41-331B-4838-A37A-5A8D936CC2DF}.Release|Any CPU.Build.0 = Release|Any CPU
	EndGlobalSection
	GlobalSection(SolutionProperties) = preSolution
		HideSolutionNode = FALSE
	EndGlobalSection
	GlobalSection(ExtensibilityGlobals) = postSolution
		SolutionGuid = {833E3E26-B9F7-4DEF-8B4C-577A79BBAC85}
	EndGlobalSection
EndGlobal
